
Microsoft Visual Studio Solution File, Format Version 12.00
# Visual Studio Version 16
VisualStudioVersion = 16.0.29806.167
MinimumVisualStudioVersion = 10.0.40219.1
Project("{9A19103F-16F7-4668-BE54-9A1E7A4F7556}") = "WebFontClient.Demo", "WebFontClient.Console\WebFontClient.Demo.csproj", "{C3ADA10D-D428-4863-9A9A-153380352372}"
EndProject
Project("{9A19103F-16F7-4668-BE54-9A1E7A4F7556}") = "WebFontClient.SDK", "WebFontClient.SDK\WebFontClient.SDK.csproj", "{5A103E8C-5B9B-404D-AEC2-AD93ED138363}"
EndProject
Global
	GlobalSection(SolutionConfigurationPlatforms) = preSolution
		Debug|Any CPU = Debug|Any CPU
		Release|Any CPU = Release|Any CPU
	EndGlobalSection
	GlobalSection(ProjectConfigurationPlatforms) = postSolution
		{C3ADA10D-D428-4863-9A9A-153380352372}.Debug|Any CPU.ActiveCfg = Debug|Any CPU
		{C3ADA10D-D428-4863-9A9A-153380352372}.Debug|Any CPU.Build.0 = Debug|Any CPU
		{C3ADA10D-D428-4863-9A9A-153380352372}.Release|Any CPU.ActiveCfg = Release|Any CPU
		{C3ADA10D-D428-4863-9A9A-153380352372}.Release|Any CPU.Build.0 = Release|Any CPU
		{5A103E8C-5B9B-404D-AEC2-AD93ED138363}.Debug|Any CPU.ActiveCfg = Debug|Any CPU
		{5A103E8C-5B9B-404D-AEC2-AD93ED138363}.Debug|Any CPU.Build.0 = Debug|Any CPU
		{5A103E8C-5B9B-404D-AEC2-AD93ED138363}.Release|Any CPU.ActiveCfg = Release|Any CPU
		{5A103E8C-5B9B-404D-AEC2-AD93ED138363}.Release|Any CPU.Build.0 = Release|Any CPU
	EndGlobalSection
	GlobalSection(SolutionProperties) = preSolution
		HideSolutionNode = FALSE
	EndGlobalSection
	GlobalSection(ExtensibilityGlobals) = postSolution
		SolutionGuid = {147A8BB9-6B37-4442-B988-BE964D7233A3}
	EndGlobalSection
EndGlobal
